
Microsoft Visual Studio Solution File, Format Version 11.00
# Visual Studio 2010
Project("{FAE04EC0-301F-11D3-BF4B-00C04F79EFBC}") = "Easy.Common.Utility", "..\CommonLayer\Easy.Common.Utility\Easy.Common.Utility.csproj", "{8F248DAA-5727-4BF8-B523-715D740720FA}"
EndProject
Project("{2150E333-8FDC-42A3-9474-1A3956D46DE8}") = "CommonLayer", "CommonLayer", "{D60666F9-6742-4F02-9E51-EF6BBDB6BD99}"
EndProject
Project("{FAE04EC0-301F-11D3-BF4B-00C04F79EFBC}") = "EasyWellEntity", "..\CommonLayer\EasyWellEntity\EasyWellEntity.csproj", "{E32F9ED3-32C3-45A9-9CAD-C1147A00848E}"
EndProject
Project("{FAE04EC0-301F-11D3-BF4B-00C04F79EFBC}") = "EasyWellTool", "EasyWellTool\EasyWellTool.csproj", "{03AF1C7A-DFB0-46B5-803D-70EFB118FADD}"
EndProject
Project("{FAE04EC0-301F-11D3-BF4B-00C04F79EFBC}") = "EasyWellBusiness", "EasyWellBusiness\EasyWellBusiness.csproj", "{FF59E91F-A106-4BB8-BB1B-EDD49E3A9C0E}"
EndProject
Project("{FAE04EC0-301F-11D3-BF4B-00C04F79EFBC}") = "EasyWellData", "EasyWellData\EasyWellData.csproj", "{2EE94E47-4F1A-4CC6-809F-2E7AF9BF5719}"
EndProject
Project("{FAE04EC0-301F-11D3-BF4B-00C04F79EFBC}") = "EasyWellBusinessTest", "EasyWellBusinessTest\EasyWellBusinessTest.csproj", "{029A99E9-5EF2-45EF-B695-A1211CA32CD8}"
EndProject
Project("{2150E333-8FDC-42A3-9474-1A3956D46DE8}") = "Solution Items", "Solution Items", "{017246D0-D110-4A70-9E39-374FD445840C}"
	ProjectSection(SolutionItems) = preProject
		EasyWell.vsmdi = EasyWell.vsmdi
		Local.testsettings = Local.testsettings
		TraceAndTestImpact.testsettings = TraceAndTestImpact.testsettings
	EndProjectSection
EndProject
Project("{FAE04EC0-301F-11D3-BF4B-00C04F79EFBC}") = "Easy.Common.WebUtility", "..\CommonLayer\Easy.Common.WebUtility\Easy.Common.WebUtility.csproj", "{E540FBE4-8D2B-4DB7-B1FB-6F9952F9BBAF}"
EndProject
Global
	GlobalSection(TestCaseManagementSettings) = postSolution
		CategoryFile = EasyWell.vsmdi
	EndGlobalSection
	GlobalSection(SolutionConfigurationPlatforms) = preSolution
		Debug|Any CPU = Debug|Any CPU
		Debug|Mixed Platforms = Debug|Mixed Platforms
		Debug|x86 = Debug|x86
		Release|Any CPU = Release|Any CPU
		Release|Mixed Platforms = Release|Mixed Platforms
		Release|x86 = Release|x86
	EndGlobalSection
	GlobalSection(ProjectConfigurationPlatforms) = postSolution
		{8F248DAA-5727-4BF8-B523-715D740720FA}.Debug|Any CPU.ActiveCfg = Debug|Any CPU
		{8F248DAA-5727-4BF8-B523-715D740720FA}.Debug|Any CPU.Build.0 = Debug|Any CPU
		{8F248DAA-5727-4BF8-B523-715D740720FA}.Debug|Mixed Platforms.ActiveCfg = Debug|Any CPU
		{8F248DAA-5727-4BF8-B523-715D740720FA}.Debug|Mixed Platforms.Build.0 = Debug|Any CPU
		{8F248DAA-5727-4BF8-B523-715D740720FA}.Debug|x86.ActiveCfg = Debug|Any CPU
		{8F248DAA-5727-4BF8-B523-715D740720FA}.Release|Any CPU.ActiveCfg = Release|Any CPU
		{8F248DAA-5727-4BF8-B523-715D740720FA}.Release|Any CPU.Build.0 = Release|Any CPU
		{8F248DAA-5727-4BF8-B523-715D740720FA}.Release|Mixed Platforms.ActiveCfg = Release|Any CPU
		{8F248DAA-5727-4BF8-B523-715D740720FA}.Release|Mixed Platforms.Build.0 = Release|Any CPU
		{8F248DAA-5727-4BF8-B523-715D740720FA}.Release|x86.ActiveCfg = Release|Any CPU
		{E32F9ED3-32C3-45A9-9CAD-C1147A00848E}.Debug|Any CPU.ActiveCfg = Debug|Any CPU
		{E32F9ED3-32C3-45A9-9CAD-C1147A00848E}.Debug|Any CPU.Build.0 = Debug|Any CPU
		{E32F9ED3-32C3-45A9-9CAD-C1147A00848E}.Debug|Mixed Platforms.ActiveCfg = Debug|Any CPU
		{E32F9ED3-32C3-45A9-9CAD-C1147A00848E}.Debug|Mixed Platforms.Build.0 = Debug|Any CPU
		{E32F9ED3-32C3-45A9-9CAD-C1147A00848E}.Debug|x86.ActiveCfg = Debug|Any CPU
		{E32F9ED3-32C3-45A9-9CAD-C1147A00848E}.Release|Any CPU.ActiveCfg = Release|Any CPU
		{E32F9ED3-32C3-45A9-9CAD-C1147A00848E}.Release|Any CPU.Build.0 = Release|Any CPU
		{E32F9ED3-32C3-45A9-9CAD-C1147A00848E}.Release|Mixed Platforms.ActiveCfg = Release|Any CPU
		{E32F9ED3-32C3-45A9-9CAD-C1147A00848E}.Release|Mixed Platforms.Build.0 = Release|Any CPU
		{E32F9ED3-32C3-45A9-9CAD-C1147A00848E}.Release|x86.ActiveCfg = Release|Any CPU
		{03AF1C7A-DFB0-46B5-803D-70EFB118FADD}.Debug|Any CPU.ActiveCfg = Debug|x86
		{03AF1C7A-DFB0-46B5-803D-70EFB118FADD}.Debug|Mixed Platforms.ActiveCfg = Debug|x86
		{03AF1C7A-DFB0-46B5-803D-70EFB118FADD}.Debug|Mixed Platforms.Build.0 = Debug|x86
		{03AF1C7A-DFB0-46B5-803D-70EFB118FADD}.Debug|x86.ActiveCfg = Debug|x86
		{03AF1C7A-DFB0-46B5-803D-70EFB118FADD}.Debug|x86.Build.0 = Debug|x86
		{03AF1C7A-DFB0-46B5-803D-70EFB118FADD}.Release|Any CPU.ActiveCfg = Release|x86
		{03AF1C7A-DFB0-46B5-803D-70EFB118FADD}.Release|Mixed Platforms.ActiveCfg = Release|x86
		{03AF1C7A-DFB0-46B5-803D-70EFB118FADD}.Release|Mixed Platforms.Build.0 = Release|x86
		{03AF1C7A-DFB0-46B5-803D-70EFB118FADD}.Release|x86.ActiveCfg = Release|x86
		{03AF1C7A-DFB0-46B5-803D-70EFB118FADD}.Release|x86.Build.0 = Release|x86
		{FF59E91F-A106-4BB8-BB1B-EDD49E3A9C0E}.Debug|Any CPU.ActiveCfg = Debug|Any CPU
		{FF59E91F-A106-4BB8-BB1B-EDD49E3A9C0E}.Debug|Any CPU.Build.0 = Debug|Any CPU
		{FF59E91F-A106-4BB8-BB1B-EDD49E3A9C0E}.Debug|Mixed Platforms.ActiveCfg = Debug|Any CPU
		{FF59E91F-A106-4BB8-BB1B-EDD49E3A9C0E}.Debug|Mixed Platforms.Build.0 = Debug|Any CPU
		{FF59E91F-A106-4BB8-BB1B-EDD49E3A9C0E}.Debug|x86.ActiveCfg = Debug|Any CPU
		{FF59E91F-A106-4BB8-BB1B-EDD49E3A9C0E}.Release|Any CPU.ActiveCfg = Release|Any CPU
		{FF59E91F-A106-4BB8-BB1B-EDD49E3A9C0E}.Release|Any CPU.Build.0 = Release|Any CPU
		{FF59E91F-A106-4BB8-BB1B-EDD49E3A9C0E}.Release|Mixed Platforms.ActiveCfg = Release|Any CPU
		{FF59E91F-A106-4BB8-BB1B-EDD49E3A9C0E}.Release|Mixed Platforms.Build.0 = Release|Any CPU
		{FF59E91F-A106-4BB8-BB1B-EDD49E3A9C0E}.Release|x86.ActiveCfg = Release|Any CPU
		{2EE94E47-4F1A-4CC6-809F-2E7AF9BF5719}.Debug|Any CPU.ActiveCfg = Debug|Any CPU
		{2EE94E47-4F1A-4CC6-809F-2E7AF9BF5719}.Debug|Any CPU.Build.0 = Debug|Any CPU
		{2EE94E47-4F1A-4CC6-809F-2E7AF9BF5719}.Debug|Mixed Platforms.ActiveCfg = Debug|Any CPU
		{2EE94E47-4F1A-4CC6-809F-2E7AF9BF5719}.Debug|Mixed Platforms.Build.0 = Debug|Any CPU
		{2EE94E47-4F1A-4CC6-809F-2E7AF9BF5719}.Debug|x86.ActiveCfg = Debug|Any CPU
		{2EE94E47-4F1A-4CC6-809F-2E7AF9BF5719}.Release|Any CPU.ActiveCfg = Release|Any CPU
		{2EE94E47-4F1A-4CC6-809F-2E7AF9BF5719}.Release|Any CPU.Build.0 = Release|Any CPU
		{2EE94E47-4F1A-4CC6-809F-2E7AF9BF5719}.Release|Mixed Platforms.ActiveCfg = Release|Any CPU
		{2EE94E47-4F1A-4CC6-809F-2E7AF9BF5719}.Release|Mixed Platforms.Build.0 = Release|Any CPU
		{2EE94E47-4F1A-4CC6-809F-2E7AF9BF5719}.Release|x86.ActiveCfg = Release|Any CPU
		{029A99E9-5EF2-45EF-B695-A1211CA32CD8}.Debug|Any CPU.ActiveCfg = Debug|Any CPU
		{029A99E9-5EF2-45EF-B695-A1211CA32CD8}.Debug|Any CPU.Build.0 = Debug|Any CPU
		{029A99E9-5EF2-45EF-B695-A1211CA32CD8}.Debug|Mixed Platforms.ActiveCfg = Debug|Any CPU
		{029A99E9-5EF2-45EF-B695-A1211CA32CD8}.Debug|Mixed Platforms.Build.0 = Debug|Any CPU
		{029A99E9-5EF2-45EF-B695-A1211CA32CD8}.Debug|x86.ActiveCfg = Debug|Any CPU
		{029A99E9-5EF2-45EF-B695-A1211CA32CD8}.Release|Any CPU.ActiveCfg = Release|Any CPU
		{029A99E9-5EF2-45EF-B695-A1211CA32CD8}.Release|Any CPU.Build.0 = Release|Any CPU
		{029A99E9-5EF2-45EF-B695-A1211CA32CD8}.Release|Mixed Platforms.ActiveCfg = Release|Any CPU
		{029A99E9-5EF2-45EF-B695-A1211CA32CD8}.Release|Mixed Platforms.Build.0 = Release|Any CPU
		{029A99E9-5EF2-45EF-B695-A1211CA32CD8}.Release|x86.ActiveCfg = Release|Any CPU
		{E540FBE4-8D2B-4DB7-B1FB-6F9952F9BBAF}.Debug|Any CPU.ActiveCfg = Debug|Any CPU
		{E540FBE4-8D2B-4DB7-B1FB-6F9952F9BBAF}.Debug|Any CPU.Build.0 = Debug|Any CPU
		{E540FBE4-8D2B-4DB7-B1FB-6F9952F9BBAF}.Debug|Mixed Platforms.ActiveCfg = Debug|Any CPU
		{E540FBE4-8D2B-4DB7-B1FB-6F9952F9BBAF}.Debug|Mixed Platforms.Build.0 = Debug|Any CPU
		{E540FBE4-8D2B-4DB7-B1FB-6F9952F9BBAF}.Debug|x86.ActiveCfg = Debug|Any CPU
		{E540FBE4-8D2B-4DB7-B1FB-6F9952F9BBAF}.Release|Any CPU.ActiveCfg = Release|Any CPU
		{E540FBE4-8D2B-4DB7-B1FB-6F9952F9BBAF}.Release|Any CPU.Build.0 = Release|Any CPU
		{E540FBE4-8D2B-4DB7-B1FB-6F9952F9BBAF}.Release|Mixed Platforms.ActiveCfg = Release|Any CPU
		{E540FBE4-8D2B-4DB7-B1FB-6F9952F9BBAF}.Release|Mixed Platforms.Build.0 = Release|Any CPU
		{E540FBE4-8D2B-4DB7-B1FB-6F9952F9BBAF}.Release|x86.ActiveCfg = Release|Any CPU
	EndGlobalSection
	GlobalSection(SolutionProperties) = preSolution
		HideSolutionNode = FALSE
	EndGlobalSection
	GlobalSection(NestedProjects) = preSolution
		{8F248DAA-5727-4BF8-B523-715D740720FA} = {D60666F9-6742-4F02-9E51-EF6BBDB6BD99}
		{E32F9ED3-32C3-45A9-9CAD-C1147A00848E} = {D60666F9-6742-4F02-9E51-EF6BBDB6BD99}
		{E540FBE4-8D2B-4DB7-B1FB-6F9952F9BBAF} = {D60666F9-6742-4F02-9E51-EF6BBDB6BD99}
	EndGlobalSection
EndGlobal
